Microsoft Visual Studio Solution File, Format Version 12.00
# Visual Studio Version 17
VisualStudioVersion = 17.5.2.0
MinimumVisualStudioVersion = 10.0.40219.1
Project("{FAE04EC0-301F-11D3-BF4B-00C04F79EFBC}") = "LHPet", "LHPet\LHPet.csproj", "{86618919-EC5E-A830-0723-86334635E8D4}"
EndProject
Global
	GlobalSection(SolutionConfigurationPlatforms) = preSolution
		Debug|Any CPU = Debug|Any CPU
		Release|Any CPU = Release|Any CPU
	EndGlobalSection
	GlobalSection(ProjectConfigurationPlatforms) = postSolution
		{86618919-EC5E-A830-0723-86334635E8D4}.Debug|Any CPU.ActiveCfg = Debug|Any CPU
		{86618919-EC5E-A830-0723-86334635E8D4}.Debug|Any CPU.Build.0 = Debug|Any CPU
		{86618919-EC5E-A830-0723-86334635E8D4}.Release|Any CPU.ActiveCfg = Release|Any CPU
		{86618919-EC5E-A830-0723-86334635E8D4}.Release|Any CPU.Build.0 = Release|Any CPU
	EndGlobalSection
	GlobalSection(SolutionProperties) = preSolution
		HideSolutionNode = FALSE
	EndGlobalSection
	GlobalSection(ExtensibilityGlobals) = postSolution
		SolutionGuid = {5D0E70A5-5CB8-4306-AFE8-0D950C87B14F}
	EndGlobalSection
EndGlobal
